
Microsoft Visual Studio Solution File, Format Version 12.00
# Visual Studio Version 17
VisualStudioVersion = 17.5.33502.453
MinimumVisualStudioVersion = 10.0.40219.1
Project("{FAE04EC0-301F-11D3-BF4B-00C04F79EFBC}") = "MVCApplicationForEvoke", "MVCApplicationForEvoke\MVCApplicationForEvoke.csproj", "{4F2C1028-1B61-4975-868E-86110BA4BBD4}"
EndProject
Global
	GlobalSection(SolutionConfigurationPlatforms) = preSolution
		Debug|Any CPU = Debug|Any CPU
		Release|Any CPU = Release|Any CPU
	EndGlobalSection
	GlobalSection(ProjectConfigurationPlatforms) = postSolution
		{4F2C1028-1B61-4975-868E-86110BA4BBD4}.Debug|Any CPU.ActiveCfg = Debug|Any CPU
		{4F2C1028-1B61-4975-868E-86110BA4BBD4}.Debug|Any CPU.Build.0 = Debug|Any CPU
		{4F2C1028-1B61-4975-868E-86110BA4BBD4}.Release|Any CPU.ActiveCfg = Release|Any CPU
		{4F2C1028-1B61-4975-868E-86110BA4BBD4}.Release|Any CPU.Build.0 = Release|Any CPU
	EndGlobalSection
	GlobalSection(SolutionProperties) = preSolution
		HideSolutionNode = FALSE
	EndGlobalSection
	GlobalSection(ExtensibilityGlobals) = postSolution
		SolutionGuid = {8BB20A65-AB1B-46B8-8B39-5340991374B0}
	EndGlobalSection
EndGlobal
